
Microsoft Visual Studio Solution File, Format Version 12.00
# Visual Studio Version 17
VisualStudioVersion = 17.0.31903.59
MinimumVisualStudioVersion = 10.0.40219.1
Project("{2150E333-8FDC-42A3-9474-1A3956D46DE8}") = "src", "src", "{5214722E-B2F4-48A3-8E95-B573782D271D}"
EndProject
Project("{FAE04EC0-301F-11D3-BF4B-00C04F79EFBC}") = "Tuna.AutoCAD.Toolkit.Filter", "src\tuna.autocad.toolkit.filter\Tuna.AutoCAD.Toolkit.Filter.csproj", "{637F4261-63AD-42C3-91AD-CA6FB55CD6BB}"
EndProject
Global
	GlobalSection(SolutionConfigurationPlatforms) = preSolution
		Debug|Any CPU = Debug|Any CPU
		Release|Any CPU = Release|Any CPU
	EndGlobalSection
	GlobalSection(SolutionProperties) = preSolution
		HideSolutionNode = FALSE
	EndGlobalSection
	GlobalSection(ProjectConfigurationPlatforms) = postSolution
		{637F4261-63AD-42C3-91AD-CA6FB55CD6BB}.Debug|Any CPU.ActiveCfg = Debug|Any CPU
		{637F4261-63AD-42C3-91AD-CA6FB55CD6BB}.Debug|Any CPU.Build.0 = Debug|Any CPU
		{637F4261-63AD-42C3-91AD-CA6FB55CD6BB}.Release|Any CPU.ActiveCfg = Release|Any CPU
		{637F4261-63AD-42C3-91AD-CA6FB55CD6BB}.Release|Any CPU.Build.0 = Release|Any CPU
	EndGlobalSection
	GlobalSection(NestedProjects) = preSolution
		{637F4261-63AD-42C3-91AD-CA6FB55CD6BB} = {5214722E-B2F4-48A3-8E95-B573782D271D}
	EndGlobalSection
EndGlobal
